// !$*UTF8*$!
{
	archiveVersion = 1;
	classes = {
	};
	objectVersion = 46;
	objects = {

/* Begin PBXBuildFile section */
		68D1806D1E2191A6000A2AB7 /* AppDelegate.swift in Sources */ = {isa = PBXBuildFile; fileRef = 68D1806C1E2191A6000A2AB7 /* AppDelegate.swift */; };
		68D1806F1E2191A6000A2AB7 /* OnboardingVC.swift in Sources */ = {isa = PBXBuildFile; fileRef = 68D1806E1E2191A6000A2AB7 /* OnboardingVC.swift */; };
		68D180721E2191A6000A2AB7 /* Main.storyboard in Resources */ = {isa = PBXBuildFile; fileRef = 68D180701E2191A6000A2AB7 /* Main.storyboard */; };
		68D180741E2191A6000A2AB7 /* Assets.xcassets in Resources */ = {isa = PBXBuildFile; fileRef = 68D180731E2191A6000A2AB7 /* Assets.xcassets */; };
		68D180771E2191A6000A2AB7 /* LaunchScreen.storyboard in Resources */ = {isa = PBXBuildFile; fileRef = 68D180751E2191A6000A2AB7 /* LaunchScreen.storyboard */; };
		68D180821E2191A6000A2AB7 /* FrontFlipTests.swift in Sources */ = {isa = PBXBuildFile; fileRef = 68D180811E2191A6000A2AB7 /* FrontFlipTests.swift */; };
		68D1808D1E2191A6000A2AB7 /* FrontFlipUITests.swift in Sources */ = {isa = PBXBuildFile; fileRef = 68D1808C1E2191A6000A2AB7 /* FrontFlipUITests.swift */; };
		68D1809B1E21920B000A2AB7 /* GoogleService-Info.plist in Resources */ = {isa = PBXBuildFile; fileRef = 68D1809A1E21920B000A2AB7 /* GoogleService-Info.plist */; };
		68D180A11E219440000A2AB7 /* PaperOnboarding.framework in Frameworks */ = {isa = PBXBuildFile; fileRef = 68D180A01E219440000A2AB7 /* PaperOnboarding.framework */; };
		68D180A21E219440000A2AB7 /* PaperOnboarding.framework in Embed Frameworks */ = {isa = PBXBuildFile; fileRef = 68D180A01E219440000A2AB7 /* PaperOnboarding.framework */; settings = {ATTRIBUTES = (CodeSignOnCopy, RemoveHeadersOnCopy, ); }; };
		68D180A51E219497000A2AB7 /* OnboardingView.swift in Sources */ = {isa = PBXBuildFile; fileRef = 68D180A41E219497000A2AB7 /* OnboardingView.swift */; };
		68D180A71E21988B000A2AB7 /* IntroVC.swift in Sources */ = {isa = PBXBuildFile; fileRef = 68D180A61E21988B000A2AB7 /* IntroVC.swift */; };
		68D180A91E21F3C0000A2AB7 /* Material.framework in Frameworks */ = {isa = PBXBuildFile; fileRef = 68D180A81E21F3C0000A2AB7 /* Material.framework */; };
		68D180AA1E21F3C0000A2AB7 /* Material.framework in Embed Frameworks */ = {isa = PBXBuildFile; fileRef = 68D180A81E21F3C0000A2AB7 /* Material.framework */; settings = {ATTRIBUTES = (CodeSignOnCopy, RemoveHeadersOnCopy, ); }; };
		68D180AC1E21F42C000A2AB7 /* MaterialTextField.swift in Sources */ = {isa = PBXBuildFile; fileRef = 68D180AB1E21F42C000A2AB7 /* MaterialTextField.swift */; };
		68D180AE1E21F50F000A2AB7 /* LoginVC.swift in Sources */ = {isa = PBXBuildFile; fileRef = 68D180AD1E21F50F000A2AB7 /* LoginVC.swift */; };
		68D180B01E21F521000A2AB7 /* SignUpVC.swift in Sources */ = {isa = PBXBuildFile; fileRef = 68D180AF1E21F521000A2AB7 /* SignUpVC.swift */; };
		68D180B21E21FB29000A2AB7 /* DataService.swift in Sources */ = {isa = PBXBuildFile; fileRef = 68D180B11E21FB29000A2AB7 /* DataService.swift */; };
		68D180B41E220335000A2AB7 /* Constants.swift in Sources */ = {isa = PBXBuildFile; fileRef = 68D180B31E220335000A2AB7 /* Constants.swift */; };
		68D180B61E2213B0000A2AB7 /* ForgotPasswordVC.swift in Sources */ = {isa = PBXBuildFile; fileRef = 68D180B51E2213B0000A2AB7 /* ForgotPasswordVC.swift */; };
		68F00AD71E22DDE400149253 /* Campaigns.swift in Sources */ = {isa = PBXBuildFile; fileRef = 68F00AD61E22DDE400149253 /* Campaigns.swift */; };
		68F00AD91E22E00100149253 /* CampaignCell.swift in Sources */ = {isa = PBXBuildFile; fileRef = 68F00AD81E22E00100149253 /* CampaignCell.swift */; };
		68F00B1D1E234EE600149253 /* CampaignsVC.swift in Sources */ = {isa = PBXBuildFile; fileRef = 68F00B1C1E234EE600149253 /* CampaignsVC.swift */; };
		68F00B1F1E2369AB00149253 /* ShadowView.swift in Sources */ = {isa = PBXBuildFile; fileRef = 68F00B1E1E2369AB00149253 /* ShadowView.swift */; };
		7AE3F7D822CA18368B8C5027 /* Pods_FrontFlip.framework in Frameworks */ = {isa = PBXBuildFile; fileRef = 97E4C15D10EE105DBE55724E /* Pods_FrontFlip.framework */; };
		82D0AB3AACA21F86BFDC20CE /* Pods_FrontFlipTests.framework in Frameworks */ = {isa = PBXBuildFile; fileRef = 5F3FF4E15FCF299170F6C023 /* Pods_FrontFlipTests.framework */; };
		8A39D9D1E409E8AC3A8ADF2D /* Pods_FrontFlipUITests.framework in Frameworks */ = {isa = PBXBuildFile; fileRef = BE1237A67D5B644DF2B630AE /* Pods_FrontFlipUITests.framework */; };
/* End PBXBuildFile section */

/* Begin PBXContainerItemProxy section */
		68D1807E1E2191A6000A2AB7 /* PBXContainerItemProxy */ = {
			isa = PBXContainerItemProxy;
			containerPortal = 68D180611E2191A5000A2AB7 /* Project object */;
			proxyType = 1;
			remoteGlobalIDString = 68D180681E2191A5000A2AB7;
			remoteInfo = FrontFlip;
		};
		68D180891E2191A6000A2AB7 /* PBXContainerItemProxy */ = {
			isa = PBXContainerItemProxy;
			containerPortal = 68D180611E2191A5000A2AB7 /* Project object */;
			proxyType = 1;
			remoteGlobalIDString = 68D180681E2191A5000A2AB7;
			remoteInfo = FrontFlip;
		};
/* End PBXContainerItemProxy section */

/* Begin PBXCopyFilesBuildPhase section */
		68D180A31E219440000A2AB7 /* Embed Frameworks */ = {
			isa = PBXCopyFilesBuildPhase;
			buildActionMask = 2147483647;
			dstPath = "";
			dstSubfolderSpec = 10;
			files = (
				68D180A21E219440000A2AB7 /* PaperOnboarding.framework in Embed Frameworks */,
				68D180AA1E21F3C0000A2AB7 /* Material.framework in Embed Frameworks */,
			);
			name = "Embed Frameworks";
			runOnlyForDeploymentPostprocessing = 0;
		};
/* End PBXCopyFilesBuildPhase section */

/* Begin PBXFileReference section */
		0B796C284D1A2DEE57A87405 /* Pods-FrontFlip.debug.xcconfig */ = {isa = PBXFileReference; includeInIndex = 1; lastKnownFileType = text.xcconfig; name = "Pods-FrontFlip.debug.xcconfig"; path = "Pods/Target Support Files/Pods-FrontFlip/Pods-FrontFlip.debug.xcconfig"; sourceTree = "<group>"; };
		2638B3B0A6384966553A8822 /* Pods-FrontFlipTests.debug.xcconfig */ = {isa = PBXFileReference; includeInIndex = 1; lastKnownFileType = text.xcconfig; name = "Pods-FrontFlipTests.debug.xcconfig"; path = "Pods/Target Support Files/Pods-FrontFlipTests/Pods-FrontFlipTests.debug.xcconfig"; sourceTree = "<group>"; };
		5F3FF4E15FCF299170F6C023 /* Pods_FrontFlipTests.framework */ = {isa = PBXFileReference; explicitFileType = wrapper.framework; includeInIndex = 0; path = Pods_FrontFlipTests.framework; sourceTree = BUILT_PRODUCTS_DIR; };
		647C497F645378159492DDA0 /* Pods-FrontFlipUITests.release.xcconfig */ = {isa = PBXFileReference; includeInIndex = 1; lastKnownFileType = text.xcconfig; name = "Pods-FrontFlipUITests.release.xcconfig"; path = "Pods/Target Support Files/Pods-FrontFlipUITests/Pods-FrontFlipUITests.release.xcconfig"; sourceTree = "<group>"; };
		68D180691E2191A6000A2AB7 /* FrontFlip.app */ = {isa = PBXFileReference; explicitFileType = wrapper.application; includeInIndex = 0; path = FrontFlip.app; sourceTree = BUILT_PRODUCTS_DIR; };
		68D1806C1E2191A6000A2AB7 /* AppDelegate.swift */ = {isa = PBXFileReference; lastKnownFileType = sourcecode.swift; path = AppDelegate.swift; sourceTree = "<group>"; };
		68D1806E1E2191A6000A2AB7 /* OnboardingVC.swift */ = {isa = PBXFileReference; lastKnownFileType = sourcecode.swift; path = OnboardingVC.swift; sourceTree = "<group>"; };
		68D180711E2191A6000A2AB7 /* Base */ = {isa = PBXFileReference; lastKnownFileType = file.storyboard; name = Base; path = Base.lproj/Main.storyboard; sourceTree = "<group>"; };
		68D180731E2191A6000A2AB7 /* Assets.xcassets */ = {isa = PBXFileReference; lastKnownFileType = folder.assetcatalog; path = Assets.xcassets; sourceTree = "<group>"; };
		68D180761E2191A6000A2AB7 /* Base */ = {isa = PBXFileReference; lastKnownFileType = file.storyboard; name = Base; path = Base.lproj/LaunchScreen.storyboard; sourceTree = "<group>"; };
		68D180781E2191A6000A2AB7 /* Info.plist */ = {isa = PBXFileReference; lastKnownFileType = text.plist.xml; path = Info.plist; sourceTree = "<group>"; };
		68D1807D1E2191A6000A2AB7 /* FrontFlipTests.xctest */ = {isa = PBXFileReference; explicitFileType = wrapper.cfbundle; includeInIndex = 0; path = FrontFlipTests.xctest; sourceTree = BUILT_PRODUCTS_DIR; };
		68D180811E2191A6000A2AB7 /* FrontFlipTests.swift */ = {isa = PBXFileReference; lastKnownFileType = sourcecode.swift; path = FrontFlipTests.swift; sourceTree = "<group>"; };
		68D180831E2191A6000A2AB7 /* Info.plist */ = {isa = PBXFileReference; lastKnownFileType = text.plist.xml; path = Info.plist; sourceTree = "<group>"; };
		68D180881E2191A6000A2AB7 /* FrontFlipUITests.xctest */ = {isa = PBXFileReference; explicitFileType = wrapper.cfbundle; includeInIndex = 0; path = FrontFlipUITests.xctest; sourceTree = BUILT_PRODUCTS_DIR; };
		68D1808C1E2191A6000A2AB7 /* FrontFlipUITests.swift */ = {isa = PBXFileReference; lastKnownFileType = sourcecode.swift; path = FrontFlipUITests.swift; sourceTree = "<group>"; };
		68D1808E1E2191A6000A2AB7 /* Info.plist */ = {isa = PBXFileReference; lastKnownFileType = text.plist.xml; path = Info.plist; sourceTree = "<group>"; };
		68D1809A1E21920B000A2AB7 /* GoogleService-Info.plist */ = {isa = PBXFileReference; fileEncoding = 4; lastKnownFileType = text.plist.xml; path = "GoogleService-Info.plist"; sourceTree = "<group>"; };
		68D180A01E219440000A2AB7 /* PaperOnboarding.framework */ = {isa = PBXFileReference; lastKnownFileType = wrapper.framework; name = PaperOnboarding.framework; path = Carthage/Build/iOS/PaperOnboarding.framework; sourceTree = "<group>"; };
		68D180A41E219497000A2AB7 /* OnboardingView.swift */ = {isa = PBXFileReference; fileEncoding = 4; lastKnownFileType = sourcecode.swift; path = OnboardingView.swift; sourceTree = "<group>"; };
		68D180A61E21988B000A2AB7 /* IntroVC.swift */ = {isa = PBXFileReference; fileEncoding = 4; lastKnownFileType = sourcecode.swift; path = IntroVC.swift; sourceTree = "<group>"; };
		68D180A81E21F3C0000A2AB7 /* Material.framework */ = {isa = PBXFileReference; lastKnownFileType = wrapper.framework; name = Material.framework; path = Carthage/Build/iOS/Material.framework; sourceTree = "<group>"; };
		68D180AB1E21F42C000A2AB7 /* MaterialTextField.swift */ = {isa = PBXFileReference; fileEncoding = 4; lastKnownFileType = sourcecode.swift; path = MaterialTextField.swift; sourceTree = "<group>"; };
		68D180AD1E21F50F000A2AB7 /* LoginVC.swift */ = {isa = PBXFileReference; fileEncoding = 4; lastKnownFileType = sourcecode.swift; path = LoginVC.swift; sourceTree = "<group>"; };
		68D180AF1E21F521000A2AB7 /* SignUpVC.swift */ = {isa = PBXFileReference; fileEncoding = 4; lastKnownFileType = sourcecode.swift; path = SignUpVC.swift; sourceTree = "<group>"; };
		68D180B11E21FB29000A2AB7 /* DataService.swift */ = {isa = PBXFileReference; fileEncoding = 4; lastKnownFileType = sourcecode.swift; path = DataService.swift; sourceTree = "<group>"; };
		68D180B31E220335000A2AB7 /* Constants.swift */ = {isa = PBXFileReference; fileEncoding = 4; lastKnownFileType = sourcecode.swift; path = Constants.swift; sourceTree = "<group>"; };
		68D180B51E2213B0000A2AB7 /* ForgotPasswordVC.swift */ = {isa = PBXFileReference; fileEncoding = 4; lastKnownFileType = sourcecode.swift; path = ForgotPasswordVC.swift; sourceTree = "<group>"; };
		68F00AD61E22DDE400149253 /* Campaigns.swift */ = {isa = PBXFileReference; fileEncoding = 4; lastKnownFileType = sourcecode.swift; path = Campaigns.swift; sourceTree = "<group>"; };
		68F00AD81E22E00100149253 /* CampaignCell.swift */ = {isa = PBXFileReference; fileEncoding = 4; lastKnownFileType = sourcecode.swift; path = CampaignCell.swift; sourceTree = "<group>"; };
		68F00B1C1E234EE600149253 /* CampaignsVC.swift */ = {isa = PBXFileReference; fileEncoding = 4; lastKnownFileType = sourcecode.swift; path = CampaignsVC.swift; sourceTree = "<group>"; };
		68F00B1E1E2369AB00149253 /* ShadowView.swift */ = {isa = PBXFileReference; fileEncoding = 4; lastKnownFileType = sourcecode.swift; path = ShadowView.swift; sourceTree = "<group>"; };
		7DF93F65C7FA563F8F5AE817 /* Pods-FrontFlipTests.release.xcconfig */ = {isa = PBXFileReference; includeInIndex = 1; lastKnownFileType = text.xcconfig; name = "Pods-FrontFlipTests.release.xcconfig"; path = "Pods/Target Support Files/Pods-FrontFlipTests/Pods-FrontFlipTests.release.xcconfig"; sourceTree = "<group>"; };
		8081522575609A12EDF6D532 /* Pods-FrontFlipUITests.debug.xcconfig */ = {isa = PBXFileReference; includeInIndex = 1; lastKnownFileType = text.xcconfig; name = "Pods-FrontFlipUITests.debug.xcconfig"; path = "Pods/Target Support Files/Pods-FrontFlipUITests/Pods-FrontFlipUITests.debug.xcconfig"; sourceTree = "<group>"; };
		932F1A0E0F451B139A6F590D /* Pods-FrontFlip.release.xcconfig */ = {isa = PBXFileReference; includeInIndex = 1; lastKnownFileType = text.xcconfig; name = "Pods-FrontFlip.release.xcconfig"; path = "Pods/Target Support Files/Pods-FrontFlip/Pods-FrontFlip.release.xcconfig"; sourceTree = "<group>"; };
		97E4C15D10EE105DBE55724E /* Pods_FrontFlip.framework */ = {isa = PBXFileReference; explicitFileType = wrapper.framework; includeInIndex = 0; path = Pods_FrontFlip.framework; sourceTree = BUILT_PRODUCTS_DIR; };
		BE1237A67D5B644DF2B630AE /* Pods_FrontFlipUITests.framework */ = {isa = PBXFileReference; explicitFileType = wrapper.framework; includeInIndex = 0; path = Pods_FrontFlipUITests.framework; sourceTree = BUILT_PRODUCTS_DIR; };
/* End PBXFileReference section */

/* Begin PBXFrameworksBuildPhase section */
		68D180661E2191A5000A2AB7 /* Frameworks */ = {
			isa = PBXFrameworksBuildPhase;
			buildActionMask = 2147483647;
			files = (
				68D180A11E219440000A2AB7 /* PaperOnboarding.framework in Frameworks */,
				7AE3F7D822CA18368B8C5027 /* Pods_FrontFlip.framework in Frameworks */,
				68D180A91E21F3C0000A2AB7 /* Material.framework in Frameworks */,
			);
			runOnlyForDeploymentPostprocessing = 0;
		};
		68D1807A1E2191A6000A2AB7 /* Frameworks */ = {
			isa = PBXFrameworksBuildPhase;
			buildActionMask = 2147483647;
			files = (
				82D0AB3AACA21F86BFDC20CE /* Pods_FrontFlipTests.framework in Frameworks */,
			);
			runOnlyForDeploymentPostprocessing = 0;
		};
		68D180851E2191A6000A2AB7 /* Frameworks */ = {
			isa = PBXFrameworksBuildPhase;
			buildActionMask = 2147483647;
			files = (
				8A39D9D1E409E8AC3A8ADF2D /* Pods_FrontFlipUITests.framework in Frameworks */,
			);
			runOnlyForDeploymentPostprocessing = 0;
		};
/* End PBXFrameworksBuildPhase section */

/* Begin PBXGroup section */
		1F05C027B434DF70A5D28136 /* Pods */ = {
			isa = PBXGroup;
			children = (
				0B796C284D1A2DEE57A87405 /* Pods-FrontFlip.debug.xcconfig */,
				932F1A0E0F451B139A6F590D /* Pods-FrontFlip.release.xcconfig */,
				2638B3B0A6384966553A8822 /* Pods-FrontFlipTests.debug.xcconfig */,
				7DF93F65C7FA563F8F5AE817 /* Pods-FrontFlipTests.release.xcconfig */,
				8081522575609A12EDF6D532 /* Pods-FrontFlipUITests.debug.xcconfig */,
				647C497F645378159492DDA0 /* Pods-FrontFlipUITests.release.xcconfig */,
			);
			name = Pods;
			sourceTree = "<group>";
		};
		68D180601E2191A5000A2AB7 = {
			isa = PBXGroup;
			children = (
				68D180A81E21F3C0000A2AB7 /* Material.framework */,
				68D180A01E219440000A2AB7 /* PaperOnboarding.framework */,
				68D1806B1E2191A6000A2AB7 /* FrontFlip */,
				68D180801E2191A6000A2AB7 /* FrontFlipTests */,
				68D1808B1E2191A6000A2AB7 /* FrontFlipUITests */,
				68D1806A1E2191A6000A2AB7 /* Products */,
				1F05C027B434DF70A5D28136 /* Pods */,
				827F34E73D2F5CF317465B8D /* Frameworks */,
			);
			sourceTree = "<group>";
		};
		68D1806A1E2191A6000A2AB7 /* Products */ = {
			isa = PBXGroup;
			children = (
				68D180691E2191A6000A2AB7 /* FrontFlip.app */,
				68D1807D1E2191A6000A2AB7 /* FrontFlipTests.xctest */,
				68D180881E2191A6000A2AB7 /* FrontFlipUITests.xctest */,
			);
			name = Products;
			sourceTree = "<group>";
		};
		68D1806B1E2191A6000A2AB7 /* FrontFlip */ = {
			isa = PBXGroup;
			children = (
				68D1809C1E219216000A2AB7 /* Model */,
				68D1809E1E219227000A2AB7 /* View */,
				68D1809D1E21921B000A2AB7 /* Controller */,
				68D1809F1E21925E000A2AB7 /* Resources */,
			);
			path = FrontFlip;
			sourceTree = "<group>";
		};
		68D180801E2191A6000A2AB7 /* FrontFlipTests */ = {
			isa = PBXGroup;
			children = (
				68D180811E2191A6000A2AB7 /* FrontFlipTests.swift */,
				68D180831E2191A6000A2AB7 /* Info.plist */,
			);
			path = FrontFlipTests;
			sourceTree = "<group>";
		};
		68D1808B1E2191A6000A2AB7 /* FrontFlipUITests */ = {
			isa = PBXGroup;
			children = (
				68D1808C1E2191A6000A2AB7 /* FrontFlipUITests.swift */,
				68D1808E1E2191A6000A2AB7 /* Info.plist */,
			);
			path = FrontFlipUITests;
			sourceTree = "<group>";
		};
		68D1809C1E219216000A2AB7 /* Model */ = {
			isa = PBXGroup;
			children = (
				68D180B11E21FB29000A2AB7 /* DataService.swift */,
				68F00AD61E22DDE400149253 /* Campaigns.swift */,
			);
			name = Model;
			sourceTree = "<group>";
		};
		68D1809D1E21921B000A2AB7 /* Controller */ = {
			isa = PBXGroup;
			children = (
				68D1806C1E2191A6000A2AB7 /* AppDelegate.swift */,
				68D1806E1E2191A6000A2AB7 /* OnboardingVC.swift */,
				68D180A61E21988B000A2AB7 /* IntroVC.swift */,
				68D180AD1E21F50F000A2AB7 /* LoginVC.swift */,
				68D180AF1E21F521000A2AB7 /* SignUpVC.swift */,
				68D180B51E2213B0000A2AB7 /* ForgotPasswordVC.swift */,
				68F00B1C1E234EE600149253 /* CampaignsVC.swift */,
			);
			name = Controller;
			sourceTree = "<group>";
		};
		68D1809E1E219227000A2AB7 /* View */ = {
			isa = PBXGroup;
			children = (
				68D180701E2191A6000A2AB7 /* Main.storyboard */,
				68D180751E2191A6000A2AB7 /* LaunchScreen.storyboard */,
				68D180A41E219497000A2AB7 /* OnboardingView.swift */,
				68D180AB1E21F42C000A2AB7 /* MaterialTextField.swift */,
				68F00AD81E22E00100149253 /* CampaignCell.swift */,
				68F00B1E1E2369AB00149253 /* ShadowView.swift */,
			);
			name = View;
			sourceTree = "<group>";
		};
		68D1809F1E21925E000A2AB7 /* Resources */ = {
			isa = PBXGroup;
			children = (
				68D180731E2191A6000A2AB7 /* Assets.xcassets */,
				68D180781E2191A6000A2AB7 /* Info.plist */,
				68D1809A1E21920B000A2AB7 /* GoogleService-Info.plist */,
				68D180B31E220335000A2AB7 /* Constants.swift */,
			);
			name = Resources;
			sourceTree = "<group>";
		};
		827F34E73D2F5CF317465B8D /* Frameworks */ = {
			isa = PBXGroup;
			children = (
				97E4C15D10EE105DBE55724E /* Pods_FrontFlip.framework */,
				5F3FF4E15FCF299170F6C023 /* Pods_FrontFlipTests.framework */,
				BE1237A67D5B644DF2B630AE /* Pods_FrontFlipUITests.framework */,
			);
			name = Frameworks;
			sourceTree = "<group>";
		};
/* End PBXGroup section */

/* Begin PBXNativeTarget section */
		68D180681E2191A5000A2AB7 /* FrontFlip */ = {
			isa = PBXNativeTarget;
			buildConfigurationList = 68D180911E2191A6000A2AB7 /* Build configuration list for PBXNativeTarget "FrontFlip" */;
			buildPhases = (
				F7D77D1D67A90B31594EC32C /* [CP] Check Pods Manifest.lock */,
				68D180651E2191A5000A2AB7 /* Sources */,
				68D180661E2191A5000A2AB7 /* Frameworks */,
				68D180671E2191A5000A2AB7 /* Resources */,
				EEE42FF44242B6225A397878 /* [CP] Embed Pods Frameworks */,
				A0556468E09917463A740EEE /* [CP] Copy Pods Resources */,
				68D180A31E219440000A2AB7 /* Embed Frameworks */,
			);
			buildRules = (
			);
			dependencies = (
			);
			name = FrontFlip;
			productName = FrontFlip;
			productReference = 68D180691E2191A6000A2AB7 /* FrontFlip.app */;
			productType = "com.apple.product-type.application";
		};
		68D1807C1E2191A6000A2AB7 /* FrontFlipTests */ = {
			isa = PBXNativeTarget;
			buildConfigurationList = 68D180941E2191A6000A2AB7 /* Build configuration list for PBXNativeTarget "FrontFlipTests" */;
			buildPhases = (
				B9A9CF26C3A218ECD2DA6DFA /* [CP] Check Pods Manifest.lock */,
				68D180791E2191A6000A2AB7 /* Sources */,
				68D1807A1E2191A6000A2AB7 /* Frameworks */,
				68D1807B1E2191A6000A2AB7 /* Resources */,
				75D1689AFEB8159D701A08A5 /* [CP] Embed Pods Frameworks */,
				C3B6CF112AA9D925161B1D60 /* [CP] Copy Pods Resources */,
			);
			buildRules = (
			);
			dependencies = (
				68D1807F1E2191A6000A2AB7 /* PBXTargetDependency */,
			);
			name = FrontFlipTests;
			productName = FrontFlipTests;
			productReference = 68D1807D1E2191A6000A2AB7 /* FrontFlipTests.xctest */;
			productType = "com.apple.product-type.bundle.unit-test";
		};
		68D180871E2191A6000A2AB7 /* FrontFlipUITests */ = {
			isa = PBXNativeTarget;
			buildConfigurationList = 68D180971E2191A6000A2AB7 /* Build configuration list for PBXNativeTarget "FrontFlipUITests" */;
			buildPhases = (
				734C6446DD71302F732975E8 /* [CP] Check Pods Manifest.lock */,
				68D180841E2191A6000A2AB7 /* Sources */,
				68D180851E2191A6000A2AB7 /* Frameworks */,
				68D180861E2191A6000A2AB7 /* Resources */,
				FFD9392FCAF8B9CDCE3DDB56 /* [CP] Embed Pods Frameworks */,
				3BBBA7895E8C5F8DA425FBC4 /* [CP] Copy Pods Resources */,
			);
			buildRules = (
			);
			dependencies = (
				68D1808A1E2191A6000A2AB7 /* PBXTargetDependency */,
			);
			name = FrontFlipUITests;
			productName = FrontFlipUITests;
			productReference = 68D180881E2191A6000A2AB7 /* FrontFlipUITests.xctest */;
			productType = "com.apple.product-type.bundle.ui-testing";
		};
/* End PBXNativeTarget section */

/* Begin PBXProject section */
		68D180611E2191A5000A2AB7 /* Project object */ = {
			isa = PBXProject;
			attributes = {
				LastSwiftUpdateCheck = 0820;
				LastUpgradeCheck = 0820;
				ORGANIZATIONNAME = Frontflip;
				TargetAttributes = {
					68D180681E2191A5000A2AB7 = {
						CreatedOnToolsVersion = 8.2;
						ProvisioningStyle = Automatic;
					};
					68D1807C1E2191A6000A2AB7 = {
						CreatedOnToolsVersion = 8.2;
						ProvisioningStyle = Automatic;
						TestTargetID = 68D180681E2191A5000A2AB7;
					};
					68D180871E2191A6000A2AB7 = {
						CreatedOnToolsVersion = 8.2;
						ProvisioningStyle = Automatic;
						TestTargetID = 68D180681E2191A5000A2AB7;
					};
				};
			};
			buildConfigurationList = 68D180641E2191A5000A2AB7 /* Build configuration list for PBXProject "FrontFlip" */;
			compatibilityVersion = "Xcode 3.2";
			developmentRegion = English;
			hasScannedForEncodings = 0;
			knownRegions = (
				en,
				Base,
			);
			mainGroup = 68D180601E2191A5000A2AB7;
			productRefGroup = 68D1806A1E2191A6000A2AB7 /* Products */;
			projectDirPath = "";
			projectRoot = "";
			targets = (
				68D180681E2191A5000A2AB7 /* FrontFlip */,
				68D1807C1E2191A6000A2AB7 /* FrontFlipTests */,
				68D180871E2191A6000A2AB7 /* FrontFlipUITests */,
			);
		};
/* End PBXProject section */

/* Begin PBXResourcesBuildPhase section */
		68D180671E2191A5000A2AB7 /* Resources */ = {
			isa = PBXResourcesBuildPhase;
			buildActionMask = 2147483647;
			files = (
				68D180771E2191A6000A2AB7 /* LaunchScreen.storyboard in Resources */,
				68D180741E2191A6000A2AB7 /* Assets.xcassets in Resources */,
				68D1809B1E21920B000A2AB7 /* GoogleService-Info.plist in Resources */,
				68D180721E2191A6000A2AB7 /* Main.storyboard in Resources */,
			);
			runOnlyForDeploymentPostprocessing = 0;
		};
		68D1807B1E2191A6000A2AB7 /* Resources */ = {
			isa = PBXResourcesBuildPhase;
			buildActionMask = 2147483647;
			files = (
			);
			runOnlyForDeploymentPostprocessing = 0;
		};
		68D180861E2191A6000A2AB7 /* Resources */ = {
			isa = PBXResourcesBuildPhase;
			buildActionMask = 2147483647;
			files = (
			);
			runOnlyForDeploymentPostprocessing = 0;
		};
/* End PBXResourcesBuildPhase section */

/* Begin PBXShellScriptBuildPhase section */
		3BBBA7895E8C5F8DA425FBC4 /* [CP] Copy Pods Resources */ = {
			isa = PBXShellScriptBuildPhase;
			buildActionMask = 2147483647;
			files = (
			);
			inputPaths = (
			);
			name = "[CP] Copy Pods Resources";
			outputPaths = (
			);
			runOnlyForDeploymentPostprocessing = 0;
			shellPath = /bin/sh;
			shellScript = "\"${SRCROOT}/Pods/Target Support Files/Pods-FrontFlipUITests/Pods-FrontFlipUITests-resources.sh\"\n";
			showEnvVarsInLog = 0;
		};
		734C6446DD71302F732975E8 /* [CP] Check Pods Manifest.lock */ = {
			isa = PBXShellScriptBuildPhase;
			buildActionMask = 2147483647;
			files = (
			);
			inputPaths = (
			);
			name = "[CP] Check Pods Manifest.lock";
			outputPaths = (
			);
			runOnlyForDeploymentPostprocessing = 0;
			shellPath = /bin/sh;
			shellScript = "diff \"${PODS_ROOT}/../Podfile.lock\" \"${PODS_ROOT}/Manifest.lock\" > /dev/null\nif [ $? != 0 ] ; then\n    # print error to STDERR\n    echo \"error: The sandbox is not in sync with the Podfile.lock. Run 'pod install' or update your CocoaPods installation.\" >&2\n    exit 1\nfi\n";
			showEnvVarsInLog = 0;
		};
		75D1689AFEB8159D701A08A5 /* [CP] Embed Pods Frameworks */ = {
			isa = PBXShellScriptBuildPhase;
			buildActionMask = 2147483647;
			files = (
			);
			inputPaths = (
			);
			name = "[CP] Embed Pods Frameworks";
			outputPaths = (
			);
			runOnlyForDeploymentPostprocessing = 0;
			shellPath = /bin/sh;
			shellScript = "\"${SRCROOT}/Pods/Target Support Files/Pods-FrontFlipTests/Pods-FrontFlipTests-frameworks.sh\"\n";
			showEnvVarsInLog = 0;
		};
		A0556468E09917463A740EEE /* [CP] Copy Pods Resources */ = {
			isa = PBXShellScriptBuildPhase;
			buildActionMask = 2147483647;
			files = (
			);
			inputPaths = (
			);
			name = "[CP] Copy Pods Resources";
			outputPaths = (
			);
			runOnlyForDeploymentPostprocessing = 0;
			shellPath = /bin/sh;
			shellScript = "\"${SRCROOT}/Pods/Target Support Files/Pods-FrontFlip/Pods-FrontFlip-resources.sh\"\n";
			showEnvVarsInLog = 0;
		};
		B9A9CF26C3A218ECD2DA6DFA /* [CP] Check Pods Manifest.lock */ = {
			isa = PBXShellScriptBuildPhase;
			buildActionMask = 2147483647;
			files = (
			);
			inputPaths = (
			);
			name = "[CP] Check Pods Manifest.lock";
			outputPaths = (
			);
			runOnlyForDeploymentPostprocessing = 0;
			shellPath = /bin/sh;
			shellScript = "diff \"${PODS_ROOT}/../Podfile.lock\" \"${PODS_ROOT}/Manifest.lock\" > /dev/null\nif [ $? != 0 ] ; then\n    # print error to STDERR\n    echo \"error: The sandbox is not in sync with the Podfile.lock. Run 'pod install' or update your CocoaPods installation.\" >&2\n    exit 1\nfi\n";
			showEnvVarsInLog = 0;
		};
		C3B6CF112AA9D925161B1D60 /* [CP] Copy Pods Resources */ = {
			isa = PBXShellScriptBuildPhase;
			buildActionMask = 2147483647;
			files = (
			);
			inputPaths = (
			);
			name = "[CP] Copy Pods Resources";
			outputPaths = (
			);
			runOnlyForDeploymentPostprocessing = 0;
			shellPath = /bin/sh;
			shellScript = "\"${SRCROOT}/Pods/Target Support Files/Pods-FrontFlipTests/Pods-FrontFlipTests-resources.sh\"\n";
			showEnvVarsInLog = 0;
		};
		EEE42FF44242B6225A397878 /* [CP] Embed Pods Frameworks */ = {
			isa = PBXShellScriptBuildPhase;
			buildActionMask = 2147483647;
			files = (
			);
			inputPaths = (
			);
			name = "[CP] Embed Pods Frameworks";
			outputPaths = (
			);
			runOnlyForDeploymentPostprocessing = 0;
			shellPath = /bin/sh;
			shellScript = "\"${SRCROOT}/Pods/Target Support Files/Pods-FrontFlip/Pods-FrontFlip-frameworks.sh\"\n";
			showEnvVarsInLog = 0;
		};
		F7D77D1D67A90B31594EC32C /* [CP] Check Pods Manifest.lock */ = {
			isa = PBXShellScriptBuildPhase;
			buildActionMask = 2147483647;
			files = (
			);
			inputPaths = (
			);
			name = "[CP] Check Pods Manifest.lock";
			outputPaths = (
			);
			runOnlyForDeploymentPostprocessing = 0;
			shellPath = /bin/sh;
			shellScript = "diff \"${PODS_ROOT}/../Podfile.lock\" \"${PODS_ROOT}/Manifest.lock\" > /dev/null\nif [ $? != 0 ] ; then\n    # print error to STDERR\n    echo \"error: The sandbox is not in sync with the Podfile.lock. Run 'pod install' or update your CocoaPods installation.\" >&2\n    exit 1\nfi\n";
			showEnvVarsInLog = 0;
		};
		FFD9392FCAF8B9CDCE3DDB56 /* [CP] Embed Pods Frameworks */ = {
			isa = PBXShellScriptBuildPhase;
			buildActionMask = 2147483647;
			files = (
			);
			inputPaths = (
			);
			name = "[CP] Embed Pods Frameworks";
			outputPaths = (
			);
			runOnlyForDeploymentPostprocessing = 0;
			shellPath = /bin/sh;
			shellScript = "\"${SRCROOT}/Pods/Target Support Files/Pods-FrontFlipUITests/Pods-FrontFlipUITests-frameworks.sh\"\n";
			showEnvVarsInLog = 0;
		};
/* End PBXShellScriptBuildPhase section */

/* Begin PBXSourcesBuildPhase section */
		68D180651E2191A5000A2AB7 /* Sources */ = {
			isa = PBXSourcesBuildPhase;
			buildActionMask = 2147483647;
			files = (
				68D180B01E21F521000A2AB7 /* SignUpVC.swift in Sources */,
				68D180A51E219497000A2AB7 /* OnboardingView.swift in Sources */,
				68D1806F1E2191A6000A2AB7 /* OnboardingVC.swift in Sources */,
				68D180AE1E21F50F000A2AB7 /* LoginVC.swift in Sources */,
				68D180B61E2213B0000A2AB7 /* ForgotPasswordVC.swift in Sources */,
				68F00AD91E22E00100149253 /* CampaignCell.swift in Sources */,
				68F00B1F1E2369AB00149253 /* ShadowView.swift in Sources */,
				68D180AC1E21F42C000A2AB7 /* MaterialTextField.swift in Sources */,
				68D180A71E21988B000A2AB7 /* IntroVC.swift in Sources */,
				68D1806D1E2191A6000A2AB7 /* AppDelegate.swift in Sources */,
				68D180B21E21FB29000A2AB7 /* DataService.swift in Sources */,
				68F00B1D1E234EE600149253 /* CampaignsVC.swift in Sources */,
				68F00AD71E22DDE400149253 /* Campaigns.swift in Sources */,
				68D180B41E220335000A2AB7 /* Constants.swift in Sources */,
			);
			runOnlyForDeploymentPostprocessing = 0;
		};
		68D180791E2191A6000A2AB7 /* Sources */ = {
			isa = PBXSourcesBuildPhase;
			buildActionMask = 2147483647;
			files = (
				68D180821E2191A6000A2AB7 /* FrontFlipTests.swift in Sources */,
			);
			runOnlyForDeploymentPostprocessing = 0;
		};
		68D180841E2191A6000A2AB7 /* Sources */ = {
			isa = PBXSourcesBuildPhase;
			buildActionMask = 2147483647;
			files = (
				68D1808D1E2191A6000A2AB7 /* FrontFlipUITests.swift in Sources */,
			);
			runOnlyForDeploymentPostprocessing = 0;
		};
/* End PBXSourcesBuildPhase section */

/* Begin PBXTargetDependency section */
		68D1807F1E2191A6000A2AB7 /* PBXTargetDependency */ = {
			isa = PBXTargetDependency;
			target = 68D180681E2191A5000A2AB7 /* FrontFlip */;
			targetProxy = 68D1807E1E2191A6000A2AB7 /* PBXContainerItemProxy */;
		};
		68D1808A1E2191A6000A2AB7 /* PBXTargetDependency */ = {
			isa = PBXTargetDependency;
			target = 68D180681E2191A5000A2AB7 /* FrontFlip */;
			targetProxy = 68D180891E2191A6000A2AB7 /* PBXContainerItemProxy */;
		};
/* End PBXTargetDependency section */

/* Begin PBXVariantGroup section */
		68D180701E2191A6000A2AB7 /* Main.storyboard */ = {
			isa = PBXVariantGroup;
			children = (
				68D180711E2191A6000A2AB7 /* Base */,
			);
			name = Main.storyboard;
			sourceTree = "<group>";
		};
		68D180751E2191A6000A2AB7 /* LaunchScreen.storyboard */ = {
			isa = PBXVariantGroup;
			children = (
				68D180761E2191A6000A2AB7 /* Base */,
			);
			name = LaunchScreen.storyboard;
			sourceTree = "<group>";
		};
/* End PBXVariantGroup section */

/* Begin XCBuildConfiguration section */
		68D1808F1E2191A6000A2AB7 /* Debug */ = {
			isa = XCBuildConfiguration;
			buildSettings = {
				ALWAYS_SEARCH_USER_PATHS = NO;
				CLANG_ANALYZER_NONNULL = YES;
				CLANG_CXX_LANGUAGE_STANDARD = "gnu++0x";
				CLANG_CXX_LIBRARY = "libc++";
				CLANG_ENABLE_MODULES = YES;
				CLANG_ENABLE_OBJC_ARC = YES;
				CLANG_WARN_BOOL_CONVERSION = YES;
				CLANG_WARN_CONSTANT_CONVERSION = YES;
				CLANG_WARN_DIRECT_OBJC_ISA_USAGE = YES_ERROR;
				CLANG_WARN_DOCUMENTATION_COMMENTS = YES;
				CLANG_WARN_EMPTY_BODY = YES;
				CLANG_WARN_ENUM_CONVERSION = YES;
				CLANG_WARN_INFINITE_RECURSION = YES;
				CLANG_WARN_INT_CONVERSION = YES;
				CLANG_WARN_OBJC_ROOT_CLASS = YES_ERROR;
				CLANG_WARN_SUSPICIOUS_MOVE = YES;
				CLANG_WARN_UNREACHABLE_CODE = YES;
				CLANG_WARN__DUPLICATE_METHOD_MATCH = YES;
				"CODE_SIGN_IDENTITY[sdk=iphoneos*]" = "iPhone Developer";
				COPY_PHASE_STRIP = NO;
				DEBUG_INFORMATION_FORMAT = dwarf;
				ENABLE_STRICT_OBJC_MSGSEND = YES;
				ENABLE_TESTABILITY = YES;
				GCC_C_LANGUAGE_STANDARD = gnu99;
				GCC_DYNAMIC_NO_PIC = NO;
				GCC_NO_COMMON_BLOCKS = YES;
				GCC_OPTIMIZATION_LEVEL = 0;
				GCC_PREPROCESSOR_DEFINITIONS = (
					"DEBUG=1",
					"$(inherited)",
				);
				GCC_WARN_64_TO_32_BIT_CONVERSION = YES;
				GCC_WARN_ABOUT_RETURN_TYPE = YES_ERROR;
				GCC_WARN_UNDECLARED_SELECTOR = YES;
				GCC_WARN_UNINITIALIZED_AUTOS = YES_AGGRESSIVE;
				GCC_WARN_UNUSED_FUNCTION = YES;
				GCC_WARN_UNUSED_VARIABLE = YES;
				IPHONEOS_DEPLOYMENT_TARGET = 10.2;
				MTL_ENABLE_DEBUG_INFO = YES;
				ONLY_ACTIVE_ARCH = YES;
				SDKROOT = iphoneos;
				SWIFT_ACTIVE_COMPILATION_CONDITIONS = DEBUG;
				SWIFT_OPTIMIZATION_LEVEL = "-Onone";
			};
			name = Debug;
		};
		68D180901E2191A6000A2AB7 /* Release */ = {
			isa = XCBuildConfiguration;
			buildSettings = {
				ALWAYS_SEARCH_USER_PATHS = NO;
				CLANG_ANALYZER_NONNULL = YES;
				CLANG_CXX_LANGUAGE_STANDARD = "gnu++0x";
				CLANG_CXX_LIBRARY = "libc++";
				CLANG_ENABLE_MODULES = YES;
				CLANG_ENABLE_OBJC_ARC = YES;
				CLANG_WARN_BOOL_CONVERSION = YES;
				CLANG_WARN_CONSTANT_CONVERSION = YES;
				CLANG_WARN_DIRECT_OBJC_ISA_USAGE = YES_ERROR;
				CLANG_WARN_DOCUMENTATION_COMMENTS = YES;
				CLANG_WARN_EMPTY_BODY = YES;
				CLANG_WARN_ENUM_CONVERSION = YES;
				CLANG_WARN_INFINITE_RECURSION = YES;
				CLANG_WARN_INT_CONVERSION = YES;
				CLANG_WARN_OBJC_ROOT_CLASS = YES_ERROR;
				CLANG_WARN_SUSPICIOUS_MOVE = YES;
				CLANG_WARN_UNREACHABLE_CODE = YES;
				CLANG_WARN__DUPLICATE_METHOD_MATCH = YES;
				"CODE_SIGN_IDENTITY[sdk=iphoneos*]" = "iPhone Developer";
				COPY_PHASE_STRIP = NO;
				DEBUG_INFORMATION_FORMAT = "dwarf-with-dsym";
				ENABLE_NS_ASSERTIONS = NO;
				ENABLE_STRICT_OBJC_MSGSEND = YES;
				GCC_C_LANGUAGE_STANDARD = gnu99;
				GCC_NO_COMMON_BLOCKS = YES;
				GCC_WARN_64_TO_32_BIT_CONVERSION = YES;
				GCC_WARN_ABOUT_RETURN_TYPE = YES_ERROR;
				GCC_WARN_UNDECLARED_SELECTOR = YES;
				GCC_WARN_UNINITIALIZED_AUTOS = YES_AGGRESSIVE;
				GCC_WARN_UNUSED_FUNCTION = YES;
				GCC_WARN_UNUSED_VARIABLE = YES;
				IPHONEOS_DEPLOYMENT_TARGET = 10.2;
				MTL_ENABLE_DEBUG_INFO = NO;
				SDKROOT = iphoneos;
				SWIFT_OPTIMIZATION_LEVEL = "-Owholemodule";
				VALIDATE_PRODUCT = YES;
			};
			name = Release;
		};
		68D180921E2191A6000A2AB7 /* Debug */ = {
			isa = XCBuildConfiguration;
			baseConfigurationReference = 0B796C284D1A2DEE57A87405 /* Pods-FrontFlip.debug.xcconfig */;
			buildSettings = {
				ASSETCATALOG_COMPILER_APPICON_NAME = AppIcon;
				FRAMEWORK_SEARCH_PATHS = (
					"$(inherited)",
					"$(PROJECT_DIR)/Carthage/Build/iOS",
				);
				INFOPLIST_FILE = FrontFlip/Info.plist;
				LD_RUNPATH_SEARCH_PATHS = "$(inherited) @executable_path/Frameworks";
				PRODUCT_BUNDLE_IDENTIFIER = frontflip.FrontFlip;
				PRODUCT_NAME = "$(TARGET_NAME)";
				SWIFT_VERSION = 3.0;
			};
			name = Debug;
		};
		68D180931E2191A6000A2AB7 /* Release */ = {
			isa = XCBuildConfiguration;
			baseConfigurationReference = 932F1A0E0F451B139A6F590D /* Pods-FrontFlip.release.xcconfig */;
			buildSettings = {
				ASSETCATALOG_COMPILER_APPICON_NAME = AppIcon;
				FRAMEWORK_SEARCH_PATHS = (
					"$(inherited)",
					"$(PROJECT_DIR)/Carthage/Build/iOS",
				);
				INFOPLIST_FILE = FrontFlip/Info.plist;
				LD_RUNPATH_SEARCH_PATHS = "$(inherited) @executable_path/Frameworks";
				PRODUCT_BUNDLE_IDENTIFIER = frontflip.FrontFlip;
				PRODUCT_NAME = "$(TARGET_NAME)";
				SWIFT_VERSION = 3.0;
			};
			name = Release;
		};
		68D180951E2191A6000A2AB7 /* Debug */ = {
			isa = XCBuildConfiguration;
			baseConfigurationReference = 2638B3B0A6384966553A8822 /* Pods-FrontFlipTests.debug.xcconfig */;
			buildSettings = {
				ALWAYS_EMBED_SWIFT_STANDARD_LIBRARIES = YES;
				BUNDLE_LOADER = "$(TEST_HOST)";
				INFOPLIST_FILE = FrontFlipTests/Info.plist;
				LD_RUNPATH_SEARCH_PATHS = "$(inherited) @executable_path/Frameworks @loader_path/Frameworks";
				PRODUCT_BUNDLE_IDENTIFIER = frontflip.FrontFlipTests;
				PRODUCT_NAME = "$(TARGET_NAME)";
				SWIFT_VERSION = 3.0;
				TEST_HOST = "$(BUILT_PRODUCTS_DIR)/FrontFlip.app/FrontFlip";
			};
			name = Debug;
		};
		68D180961E2191A6000A2AB7 /* Release */ = {
			isa = XCBuildConfiguration;
			baseConfigurationReference = 7DF93F65C7FA563F8F5AE817 /* Pods-FrontFlipTests.release.xcconfig */;
			buildSettings = {
				ALWAYS_EMBED_SWIFT_STANDARD_LIBRARIES = YES;
				BUNDLE_LOADER = "$(TEST_HOST)";
				INFOPLIST_FILE = FrontFlipTests/Info.plist;
				LD_RUNPATH_SEARCH_PATHS = "$(inherited) @executable_path/Frameworks @loader_path/Frameworks";
				PRODUCT_BUNDLE_IDENTIFIER = frontflip.FrontFlipTests;
				PRODUCT_NAME = "$(TARGET_NAME)";
				SWIFT_VERSION = 3.0;
				TEST_HOST = "$(BUILT_PRODUCTS_DIR)/FrontFlip.app/FrontFlip";
			};
			name = Release;
		};
		68D180981E2191A6000A2AB7 /* Debug */ = {
			isa = XCBuildConfiguration;
			baseConfigurationReference = 8081522575609A12EDF6D532 /* Pods-FrontFlipUITests.debug.xcconfig */;
			buildSettings = {
				ALWAYS_EMBED_SWIFT_STANDARD_LIBRARIES = YES;
				INFOPLIST_FILE = FrontFlipUITests/Info.plist;
				LD_RUNPATH_SEARCH_PATHS = "$(inherited) @executable_path/Frameworks @loader_path/Frameworks";
				PRODUCT_BUNDLE_IDENTIFIER = frontflip.FrontFlipUITests;
				PRODUCT_NAME = "$(TARGET_NAME)";
				SWIFT_VERSION = 3.0;
				TEST_TARGET_NAME = FrontFlip;
			};
			name = Debug;
		};
		68D180991E2191A6000A2AB7 /* Release */ = {
			isa = XCBuildConfiguration;
			baseConfigurationReference = 647C497F645378159492DDA0 /* Pods-FrontFlipUITests.release.xcconfig */;
			buildSettings = {
				ALWAYS_EMBED_SWIFT_STANDARD_LIBRARIES = YES;
				INFOPLIST_FILE = FrontFlipUITests/Info.plist;
				LD_RUNPATH_SEARCH_PATHS = "$(inherited) @executable_path/Frameworks @loader_path/Frameworks";
				PRODUCT_BUNDLE_IDENTIFIER = frontflip.FrontFlipUITests;
				PRODUCT_NAME = "$(TARGET_NAME)";
				SWIFT_VERSION = 3.0;
				TEST_TARGET_NAME = FrontFlip;
			};
			name = Release;
		};
/* End XCBuildConfiguration section */

/* Begin XCConfigurationList section */
		68D180641E2191A5000A2AB7 /* Build configuration list for PBXProject "FrontFlip" */ = {
			isa = XCConfigurationList;
			buildConfigurations = (
				68D1808F1E2191A6000A2AB7 /* Debug */,
				68D180901E2191A6000A2AB7 /* Release */,
			);
			defaultConfigurationIsVisible = 0;
			defaultConfigurationName = Release;
		};
		68D180911E2191A6000A2AB7 /* Build configuration list for PBXNativeTarget "FrontFlip" */ = {
			isa = XCConfigurationList;
			buildConfigurations = (
				68D180921E2191A6000A2AB7 /* Debug */,
				68D180931E2191A6000A2AB7 /* Release */,
			);
			defaultConfigurationIsVisible = 0;
			defaultConfigurationName = Release;
		};
		68D180941E2191A6000A2AB7 /* Build configuration list for PBXNativeTarget "FrontFlipTests" */ = {
			isa = XCConfigurationList;
			buildConfigurations = (
				68D180951E2191A6000A2AB7 /* Debug */,
				68D180961E2191A6000A2AB7 /* Release */,
			);
			defaultConfigurationIsVisible = 0;
			defaultConfigurationName = Release;
		};
		68D180971E2191A6000A2AB7 /* Build configuration list for PBXNativeTarget "FrontFlipUITests" */ = {
			isa = XCConfigurationList;
			buildConfigurations = (
				68D180981E2191A6000A2AB7 /* Debug */,
				68D180991E2191A6000A2AB7 /* Release */,
			);
			defaultConfigurationIsVisible = 0;
			defaultConfigurationName = Release;
		};
/* End XCConfigurationList section */
	};
	rootObject = 68D180611E2191A5000A2AB7 /* Project object */;
}
